
Microsoft Visual Studio Solution File, Format Version 12.00
# Visual Studio Version 17
VisualStudioVersion = 17.1.32328.378
MinimumVisualStudioVersion = 10.0.40219.1
Project("{8BC9CEB8-8B4A-11D0-8D11-00A0C91BC942}") = "220628", "220628\220628.vcxproj", "{F295A174-62C3-455D-B70B-F9B314619485}"
EndProject
Global
	GlobalSection(SolutionConfigurationPlatforms) = preSolution
		Debug|x64 = Debug|x64
		Debug|x86 = Debug|x86
		Release|x64 = Release|x64
		Release|x86 = Release|x86
	EndGlobalSection
	GlobalSection(ProjectConfigurationPlatforms) = postSolution
		{F295A174-62C3-455D-B70B-F9B314619485}.Debug|x64.ActiveCfg = Debug|x64
		{F295A174-62C3-455D-B70B-F9B314619485}.Debug|x64.Build.0 = Debug|x64
		{F295A174-62C3-455D-B70B-F9B314619485}.Debug|x86.ActiveCfg = Debug|Win32
		{F295A174-62C3-455D-B70B-F9B314619485}.Debug|x86.Build.0 = Debug|Win32
		{F295A174-62C3-455D-B70B-F9B314619485}.Release|x64.ActiveCfg = Release|x64
		{F295A174-62C3-455D-B70B-F9B314619485}.Release|x64.Build.0 = Release|x64
		{F295A174-62C3-455D-B70B-F9B314619485}.Release|x86.ActiveCfg = Release|Win32
		{F295A174-62C3-455D-B70B-F9B314619485}.Release|x86.Build.0 = Release|Win32
	EndGlobalSection
	GlobalSection(SolutionProperties) = preSolution
		HideSolutionNode = FALSE
	EndGlobalSection
	GlobalSection(ExtensibilityGlobals) = postSolution
		SolutionGuid = {2890502F-6BB8-4991-98F8-37B54261654A}
	EndGlobalSection
EndGlobal
