
Microsoft Visual Studio Solution File, Format Version 12.00
# Visual Studio Version 17
VisualStudioVersion = 17.2.32630.192
MinimumVisualStudioVersion = 10.0.40219.1
Project("{FAE04EC0-301F-11D3-BF4B-00C04F79EFBC}") = "220816LINQ", "220816LINQ\220816LINQ.csproj", "{7241ADC4-A8F2-4780-AA86-1AF8D110B888}"
EndProject
Global
	GlobalSection(SolutionConfigurationPlatforms) = preSolution
		Debug|Any CPU = Debug|Any CPU
		Release|Any CPU = Release|Any CPU
	EndGlobalSection
	GlobalSection(ProjectConfigurationPlatforms) = postSolution
		{7241ADC4-A8F2-4780-AA86-1AF8D110B888}.Debug|Any CPU.ActiveCfg = Debug|Any CPU
		{7241ADC4-A8F2-4780-AA86-1AF8D110B888}.Debug|Any CPU.Build.0 = Debug|Any CPU
		{7241ADC4-A8F2-4780-AA86-1AF8D110B888}.Release|Any CPU.ActiveCfg = Release|Any CPU
		{7241ADC4-A8F2-4780-AA86-1AF8D110B888}.Release|Any CPU.Build.0 = Release|Any CPU
	EndGlobalSection
	GlobalSection(SolutionProperties) = preSolution
		HideSolutionNode = FALSE
	EndGlobalSection
	GlobalSection(ExtensibilityGlobals) = postSolution
		SolutionGuid = {F0584EDF-0A47-463F-8964-4318CEEC9A7E}
	EndGlobalSection
EndGlobal
